
Microsoft Visual Studio Solution File, Format Version 12.00
# Visual Studio 2013
VisualStudioVersion = 12.0.31101.0
MinimumVisualStudioVersion = 10.0.40219.1
Project("{2150E333-8FDC-42A3-9474-1A3956D46DE8}") = "v3.3.8", "v3.3.8", "{FEF5C391-B37B-4ABC-971C-3EF13561DBA2}"
EndProject
Project("{FAE04EC0-301F-11D3-BF4B-00C04F79EFBC}") = "ITOps.Messages", "v3.3.8\ITOps.Messages\ITOps.Messages.csproj", "{5EED76D8-5E7F-4D89-A4BE-D3164202086A}"
EndProject
Project("{FAE04EC0-301F-11D3-BF4B-00C04F79EFBC}") = "ITOps.Handlers", "v3.3.8\ITOps.Handlers\ITOps.Handlers.csproj", "{10E660C9-206D-4EBD-8FA8-D3E836EAE71B}"
EndProject
Project("{FAE04EC0-301F-11D3-BF4B-00C04F79EFBC}") = "ITOps.Client", "v3.3.8\ITOps.Client\ITOps.Client.csproj", "{B422F864-99E9-415B-B464-B725B853E96A}"
EndProject
Project("{2150E333-8FDC-42A3-9474-1A3956D46DE8}") = "v5.2.0", "v5.2.0", "{551C2292-E87E-4D66-9D77-77B18B6BE06F}"
EndProject
Project("{FAE04EC0-301F-11D3-BF4B-00C04F79EFBC}") = "ITOps.Messages", "v5.2.0\ITOps.Messages\ITOps.Messages.csproj", "{E666EF9B-5ACE-4AD6-B647-004094414BD4}"
EndProject
Project("{FAE04EC0-301F-11D3-BF4B-00C04F79EFBC}") = "ITOps.Handlers", "v5.2.0\ITOps.Handlers\ITOps.Handlers.csproj", "{C0530D8E-0CC6-4E95-A8AF-7F698E100736}"
EndProject
Project("{FAE04EC0-301F-11D3-BF4B-00C04F79EFBC}") = "ITOps.Client", "v5.2.0\ITOps.Client\ITOps.Client.csproj", "{2E232D20-F804-405A-85DD-F3602C664339}"
EndProject
Global
	GlobalSection(SolutionConfigurationPlatforms) = preSolution
		Debug|Any CPU = Debug|Any CPU
		Release|Any CPU = Release|Any CPU
	EndGlobalSection
	GlobalSection(ProjectConfigurationPlatforms) = postSolution
		{5EED76D8-5E7F-4D89-A4BE-D3164202086A}.Debug|Any CPU.ActiveCfg = Debug|Any CPU
		{5EED76D8-5E7F-4D89-A4BE-D3164202086A}.Debug|Any CPU.Build.0 = Debug|Any CPU
		{5EED76D8-5E7F-4D89-A4BE-D3164202086A}.Release|Any CPU.ActiveCfg = Release|Any CPU
		{5EED76D8-5E7F-4D89-A4BE-D3164202086A}.Release|Any CPU.Build.0 = Release|Any CPU
		{10E660C9-206D-4EBD-8FA8-D3E836EAE71B}.Debug|Any CPU.ActiveCfg = Debug|Any CPU
		{10E660C9-206D-4EBD-8FA8-D3E836EAE71B}.Debug|Any CPU.Build.0 = Debug|Any CPU
		{10E660C9-206D-4EBD-8FA8-D3E836EAE71B}.Release|Any CPU.ActiveCfg = Release|Any CPU
		{10E660C9-206D-4EBD-8FA8-D3E836EAE71B}.Release|Any CPU.Build.0 = Release|Any CPU
		{B422F864-99E9-415B-B464-B725B853E96A}.Debug|Any CPU.ActiveCfg = Debug|Any CPU
		{B422F864-99E9-415B-B464-B725B853E96A}.Debug|Any CPU.Build.0 = Debug|Any CPU
		{B422F864-99E9-415B-B464-B725B853E96A}.Release|Any CPU.ActiveCfg = Release|Any CPU
		{B422F864-99E9-415B-B464-B725B853E96A}.Release|Any CPU.Build.0 = Release|Any CPU
		{E666EF9B-5ACE-4AD6-B647-004094414BD4}.Debug|Any CPU.ActiveCfg = Debug|Any CPU
		{E666EF9B-5ACE-4AD6-B647-004094414BD4}.Debug|Any CPU.Build.0 = Debug|Any CPU
		{E666EF9B-5ACE-4AD6-B647-004094414BD4}.Release|Any CPU.ActiveCfg = Release|Any CPU
		{E666EF9B-5ACE-4AD6-B647-004094414BD4}.Release|Any CPU.Build.0 = Release|Any CPU
		{C0530D8E-0CC6-4E95-A8AF-7F698E100736}.Debug|Any CPU.ActiveCfg = Debug|Any CPU
		{C0530D8E-0CC6-4E95-A8AF-7F698E100736}.Debug|Any CPU.Build.0 = Debug|Any CPU
		{C0530D8E-0CC6-4E95-A8AF-7F698E100736}.Release|Any CPU.ActiveCfg = Release|Any CPU
		{C0530D8E-0CC6-4E95-A8AF-7F698E100736}.Release|Any CPU.Build.0 = Release|Any CPU
		{2E232D20-F804-405A-85DD-F3602C664339}.Debug|Any CPU.ActiveCfg = Debug|Any CPU
		{2E232D20-F804-405A-85DD-F3602C664339}.Debug|Any CPU.Build.0 = Debug|Any CPU
		{2E232D20-F804-405A-85DD-F3602C664339}.Release|Any CPU.ActiveCfg = Release|Any CPU
		{2E232D20-F804-405A-85DD-F3602C664339}.Release|Any CPU.Build.0 = Release|Any CPU
	EndGlobalSection
	GlobalSection(SolutionProperties) = preSolution
		HideSolutionNode = FALSE
	EndGlobalSection
	GlobalSection(NestedProjects) = preSolution
		{5EED76D8-5E7F-4D89-A4BE-D3164202086A} = {FEF5C391-B37B-4ABC-971C-3EF13561DBA2}
		{10E660C9-206D-4EBD-8FA8-D3E836EAE71B} = {FEF5C391-B37B-4ABC-971C-3EF13561DBA2}
		{B422F864-99E9-415B-B464-B725B853E96A} = {FEF5C391-B37B-4ABC-971C-3EF13561DBA2}
		{E666EF9B-5ACE-4AD6-B647-004094414BD4} = {551C2292-E87E-4D66-9D77-77B18B6BE06F}
		{C0530D8E-0CC6-4E95-A8AF-7F698E100736} = {551C2292-E87E-4D66-9D77-77B18B6BE06F}
		{2E232D20-F804-405A-85DD-F3602C664339} = {551C2292-E87E-4D66-9D77-77B18B6BE06F}
	EndGlobalSection
EndGlobal
